
Microsoft Visual Studio Solution File, Format Version 12.00
# Visual Studio Version 17
VisualStudioVersion = 17.3.32804.467
MinimumVisualStudioVersion = 10.0.40219.1
Project("{FAE04EC0-301F-11D3-BF4B-00C04F79EFBC}") = "prob 6", "prob 6\prob 6.csproj", "{5A573408-768E-4DBD-8E5D-B80189E52ACB}"
EndProject
Global
	GlobalSection(SolutionConfigurationPlatforms) = preSolution
		Debug|Any CPU = Debug|Any CPU
		Release|Any CPU = Release|Any CPU
	EndGlobalSection
	GlobalSection(ProjectConfigurationPlatforms) = postSolution
		{5A573408-768E-4DBD-8E5D-B80189E52ACB}.Debug|Any CPU.ActiveCfg = Debug|Any CPU
		{5A573408-768E-4DBD-8E5D-B80189E52ACB}.Debug|Any CPU.Build.0 = Debug|Any CPU
		{5A573408-768E-4DBD-8E5D-B80189E52ACB}.Release|Any CPU.ActiveCfg = Release|Any CPU
		{5A573408-768E-4DBD-8E5D-B80189E52ACB}.Release|Any CPU.Build.0 = Release|Any CPU
	EndGlobalSection
	GlobalSection(SolutionProperties) = preSolution
		HideSolutionNode = FALSE
	EndGlobalSection
	GlobalSection(ExtensibilityGlobals) = postSolution
		SolutionGuid = {32E48F36-149F-4367-A7E9-88D9F55A473B}
	EndGlobalSection
EndGlobal
